# This file is autogenerated, do not edit; changes may be undone by the next 'dep ensure'.


[[projects]]
  branch = "master"
  digest = "1:a4e1bd63bba2302a56f9c1402f60104a0b49cbb55295ca40e4306b99e76431a5"
  name = "github.com/ajstarks/svgo"
  packages = ["."]
  pruneopts = "UT"
  revision = "de52242f3d65700ff4fa20a246fd17c8fcfc1d09"

[[projects]]
  digest = "1:b6e21e98fcbc23345ea2e3b70766edfc7fb53c0c99966fed18e889de0fcb67f2"
  name = "github.com/fogleman/gg"
  packages = ["."]
  pruneopts = "UT"
  revision = "0403632d5b905943a1c2a5b2763aaecd568467ec"
  version = "v1.3.0"

[[projects]]
  branch = "master"
  digest = "1:62c57507df491b657e9ae2645f30958d9964c8eeb380600469eedc951ebb3a0e"
  name = "github.com/golang/freetype"
  packages = [
    "raster",
    "truetype",
  ]
  pruneopts = "UT"
  revision = "e2365dfdc4a05e4b8299a783240d4a7d5a65d4e4"

[[projects]]
  digest = "1:f2ef06d4dba3dd33bd77c5bc076801c1d3159b64630fc0143f7e072ec127b7e6"
  name = "github.com/jung-kurt/gofpdf"
  packages = ["."]
  pruneopts = "UT"
  revision = "49e44c73f28fbc4ea0b011c7d4078d0a1523e44f"
  version = "v12.13.5"

[[projects]]
  branch = "master"
  digest = "1:df9bfaba28ba49d5357a5c8df1fa3646096098074b69c287866d80df9e21652b"
  name = "golang.org/x/exp"
  packages = ["rand"]
  pruneopts = "UT"
  revision = "a1355ae1e2c30eb123356c2a35c2f420652999f9"

[[projects]]
  branch = "master"
  digest = "1:ebc5ea281fa3e67ca54234795e2f2652d47eb97337488bf7282797e5e6c89b44"
  name = "golang.org/x/image"
  packages = [
    "ccitt",
    "draw",
    "font",
    "font/basicfont",
    "font/plan9font",
    "math/f64",
    "math/fixed",
    "tiff",
    "tiff/lzw",
  ]
  pruneopts = "UT"
  revision = "69e4b8554b2a817a1f0015867f0858d02801f0f5"

[[projects]]
  branch = "master"
  digest = "1:317cba3c7c3a915c9da7f98aaef84a29d01cbc722b6535fdf7ba13dfefa28774"
  name = "gonum.org/v1/gonum"
  packages = [
    "blas",
    "blas/blas64",
    "blas/cblas128",
    "blas/gonum",
    "floats",
    "internal/asm/c128",
    "internal/asm/c64",
    "internal/asm/f32",
    "internal/asm/f64",
    "internal/cmplx64",
    "internal/math32",
    "lapack",
    "lapack/gonum",
    "lapack/lapack64",
    "mat",
  ]
  pruneopts = "UT"
  revision = "a11ea52b6f3c6ff1031a48f2dcd58818d57089b2"

[[projects]]
  branch = "master"
  digest = "1:cb57d653efe00be3bdbeee946be51755a0dd6b73cbdacf0467733908b6e3c386"
  name = "gonum.org/v1/plot"
  packages = [
    ".",
    "palette",
    "plotter",
    "plotutil",
    "tools/bezier",
    "vg",
    "vg/draw",
    "vg/fonts",
    "vg/vgeps",
    "vg/vgimg",
    "vg/vgpdf",
    "vg/vgsvg",
  ]
  pruneopts = "UT"
  revision = "159cd04f920ca18b61d1519750de83b685c7bddc"

[solve-meta]
  analyzer-name = "dep"
  analyzer-version = 1
  input-imports = [
    "gonum.org/v1/plot",
    "gonum.org/v1/plot/plotter",
    "gonum.org/v1/plot/plotutil",
  ]
  solver-name = "gps-cdcl"
  solver-version = 1
